{
  "requires": true,
  "lockfileVersion": 1,
  "dependencies": {
    "dingtalk-jsapi": {
      "version": "2.13.4",
      "resolved": "https://registry.npm.taobao.org/dingtalk-jsapi/download/dingtalk-jsapi-2.13.4.tgz",
      "integrity": "sha1-DkIqu73+ib+8uPluXhDiJ8WF4Ek=",
      "requires": {
        "promise-polyfill": "^7.1.0"
      }
    },
    "promise-polyfill": {
      "version": "7.1.2",
      "resolved": "https://registry.npm.taobao.org/promise-polyfill/download/promise-polyfill-7.1.2.tgz",
      "integrity": "sha1-qwUwHYwoU2MBYi1pInYyJppwyjs="
    },
    "uview-ui": {
      "version": "1.7.3",
      "resolved": "https://registry.npm.taobao.org/uview-ui/download/uview-ui-1.7.3.tgz",
      "integrity": "sha1-JI0piRuUpUMPycBUY1h8RHD6w1I="
    }
  }
}
